// !$*UTF8*$!
{
	archiveVersion = 1;
	classes = {
	};
	objectVersion = 56;
	objects = {

/* Begin PBXBuildFile section */
		E7108D562A17D8A000C713A5 /* Shopping_listApp.swift in Sources */ = {isa = PBXBuildFile; fileRef = E7108D552A17D8A000C713A5 /* Shopping_listApp.swift */; };
		E7108D582A17D8A000C713A5 /* mainPage.swift in Sources */ = {isa = PBXBuildFile; fileRef = E7108D572A17D8A000C713A5 /* mainPage.swift */; };
		E7108D5A2A17D8A200C713A5 /* Assets.xcassets in Resources */ = {isa = PBXBuildFile; fileRef = E7108D592A17D8A200C713A5 /* Assets.xcassets */; };
		E7108D5D2A17D8A200C713A5 /* Preview Assets.xcassets in Resources */ = {isa = PBXBuildFile; fileRef = E7108D5C2A17D8A200C713A5 /* Preview Assets.xcassets */; };
		E770FB9F2A30B38900E57661 /* SettingsPage.swift in Sources */ = {isa = PBXBuildFile; fileRef = E770FB9E2A30B38900E57661 /* SettingsPage.swift */; };
		E770FBA32A31D07B00E57661 /* defaultItemCustomisation.swift in Sources */ = {isa = PBXBuildFile; fileRef = E770FBA22A31D07B00E57661 /* defaultItemCustomisation.swift */; };
		E77BD3A72A2421590065480A /* itemsData.json in Resources */ = {isa = PBXBuildFile; fileRef = E77BD3A62A2421580065480A /* itemsData.json */; };
		E7FFB5A32A23A2D3002F992E /* modelData.swift in Sources */ = {isa = PBXBuildFile; fileRef = E7FFB5A22A23A2D3002F992E /* modelData.swift */; };
/* End PBXBuildFile section */

/* Begin PBXFileReference section */
		E7108D522A17D8A000C713A5 /* Shopping list.app */ = {isa = PBXFileReference; explicitFileType = wrapper.application; includeInIndex = 0; path = "Shopping list.app"; sourceTree = BUILT_PRODUCTS_DIR; };
		E7108D552A17D8A000C713A5 /* Shopping_listApp.swift */ = {isa = PBXFileReference; lastKnownFileType = sourcecode.swift; path = Shopping_listApp.swift; sourceTree = "<group>"; };
		E7108D572A17D8A000C713A5 /* mainPage.swift */ = {isa = PBXFileReference; indentWidth = 4; lastKnownFileType = sourcecode.swift; path = mainPage.swift; sourceTree = "<group>"; tabWidth = 4; };
		E7108D592A17D8A200C713A5 /* Assets.xcassets */ = {isa = PBXFileReference; lastKnownFileType = folder.assetcatalog; path = Assets.xcassets; sourceTree = "<group>"; };
		E7108D5C2A17D8A200C713A5 /* Preview Assets.xcassets */ = {isa = PBXFileReference; lastKnownFileType = folder.assetcatalog; path = "Preview Assets.xcassets"; sourceTree = "<group>"; };
		E770FB9E2A30B38900E57661 /* SettingsPage.swift */ = {isa = PBXFileReference; lastKnownFileType = sourcecode.swift; path = SettingsPage.swift; sourceTree = "<group>"; };
		E770FBA22A31D07B00E57661 /* defaultItemCustomisation.swift */ = {isa = PBXFileReference; lastKnownFileType = sourcecode.swift; path = defaultItemCustomisation.swift; sourceTree = "<group>"; };
		E77BD3A62A2421580065480A /* itemsData.json */ = {isa = PBXFileReference; fileEncoding = 4; lastKnownFileType = text.json; path = itemsData.json; sourceTree = "<group>"; };
		E7FFB5A22A23A2D3002F992E /* modelData.swift */ = {isa = PBXFileReference; lastKnownFileType = sourcecode.swift; path = modelData.swift; sourceTree = "<group>"; };
/* End PBXFileReference section */

/* Begin PBXFrameworksBuildPhase section */
		E7108D4F2A17D8A000C713A5 /* Frameworks */ = {
			isa = PBXFrameworksBuildPhase;
			buildActionMask = 2147483647;
			files = (
			);
			runOnlyForDeploymentPostprocessing = 0;
		};
/* End PBXFrameworksBuildPhase section */

/* Begin PBXGroup section */
		E7108D492A17D8A000C713A5 = {
			isa = PBXGroup;
			children = (
				E7108D552A17D8A000C713A5 /* Shopping_listApp.swift */,
				E7108D542A17D8A000C713A5 /* Shopping list */,
				E7108D532A17D8A000C713A5 /* Products */,
			);
			sourceTree = "<group>";
		};
		E7108D532A17D8A000C713A5 /* Products */ = {
			isa = PBXGroup;
			children = (
				E7108D522A17D8A000C713A5 /* Shopping list.app */,
			);
			name = Products;
			sourceTree = "<group>";
		};
		E7108D542A17D8A000C713A5 /* Shopping list */ = {
			isa = PBXGroup;
			children = (
				E770FBA12A30B3D800E57661 /* Data and Data Handling */,
				E770FBA02A30B3C300E57661 /* Views */,
				E7108D592A17D8A200C713A5 /* Assets.xcassets */,
				E7108D5B2A17D8A200C713A5 /* Preview Content */,
			);
			path = "Shopping list";
			sourceTree = "<group>";
		};
		E7108D5B2A17D8A200C713A5 /* Preview Content */ = {
			isa = PBXGroup;
			children = (
				E7108D5C2A17D8A200C713A5 /* Preview Assets.xcassets */,
			);
			path = "Preview Content";
			sourceTree = "<group>";
		};
		E770FBA02A30B3C300E57661 /* Views */ = {
			isa = PBXGroup;
			children = (
				E7108D572A17D8A000C713A5 /* mainPage.swift */,
				E770FB9E2A30B38900E57661 /* SettingsPage.swift */,
				E770FBA22A31D07B00E57661 /* defaultItemCustomisation.swift */,
			);
			path = Views;
			sourceTree = "<group>";
		};
		E770FBA12A30B3D800E57661 /* Data and Data Handling */ = {
			isa = PBXGroup;
			children = (
				E7FFB5A22A23A2D3002F992E /* modelData.swift */,
				E77BD3A62A2421580065480A /* itemsData.json */,
			);
			path = "Data and Data Handling";
			sourceTree = "<group>";
		};
/* End PBXGroup section */

/* Begin PBXNativeTarget section */
		E7108D512A17D8A000C713A5 /* Shopping list */ = {
			isa = PBXNativeTarget;
			buildConfigurationList = E7108D602A17D8A200C713A5 /* Build configuration list for PBXNativeTarget "Shopping list" */;
			buildPhases = (
				E7108D4E2A17D8A000C713A5 /* Sources */,
				E7108D4F2A17D8A000C713A5 /* Frameworks */,
				E7108D502A17D8A000C713A5 /* Resources */,
			);
			buildRules = (
			);
			dependencies = (
			);
			name = "Shopping list";
			productName = "Shopping list";
			productReference = E7108D522A17D8A000C713A5 /* Shopping list.app */;
			productType = "com.apple.product-type.application";
		};
/* End PBXNativeTarget section */

/* Begin PBXProject section */
		E7108D4A2A17D8A000C713A5 /* Project object */ = {
			isa = PBXProject;
			attributes = {
				BuildIndependentTargetsInParallel = 1;
				LastSwiftUpdateCheck = 1420;
				LastUpgradeCheck = 1420;
				TargetAttributes = {
					E7108D512A17D8A000C713A5 = {
						CreatedOnToolsVersion = 14.2;
					};
				};
			};
			buildConfigurationList = E7108D4D2A17D8A000C713A5 /* Build configuration list for PBXProject "Shopping list" */;
			compatibilityVersion = "Xcode 14.0";
			developmentRegion = en;
			hasScannedForEncodings = 0;
			knownRegions = (
				en,
				Base,
			);
			mainGroup = E7108D492A17D8A000C713A5;
			productRefGroup = E7108D532A17D8A000C713A5 /* Products */;
			projectDirPath = "";
			projectRoot = "";
			targets = (
				E7108D512A17D8A000C713A5 /* Shopping list */,
			);
		};
/* End PBXProject section */

/* Begin PBXResourcesBuildPhase section */
		E7108D502A17D8A000C713A5 /* Resources */ = {
			isa = PBXResourcesBuildPhase;
			buildActionMask = 2147483647;
			files = (
				E77BD3A72A2421590065480A /* itemsData.json in Resources */,
				E7108D5D2A17D8A200C713A5 /* Preview Assets.xcassets in Resources */,
				E7108D5A2A17D8A200C713A5 /* Assets.xcassets in Resources */,
			);
			runOnlyForDeploymentPostprocessing = 0;
		};
/* End PBXResourcesBuildPhase section */

/* Begin PBXSourcesBuildPhase section */
		E7108D4E2A17D8A000C713A5 /* Sources */ = {
			isa = PBXSourcesBuildPhase;
			buildActionMask = 2147483647;
			files = (
				E7108D582A17D8A000C713A5 /* mainPage.swift in Sources */,
				E7108D562A17D8A000C713A5 /* Shopping_listApp.swift in Sources */,
				E770FBA32A31D07B00E57661 /* defaultItemCustomisation.swift in Sources */,
				E7FFB5A32A23A2D3002F992E /* modelData.swift in Sources */,
				E770FB9F2A30B38900E57661 /* SettingsPage.swift in Sources */,
			);
			runOnlyForDeploymentPostprocessing = 0;
		};
/* End PBXSourcesBuildPhase section */

/* Begin XCBuildConfiguration section */
		E7108D5E2A17D8A200C713A5 /* Debug */ = {
			isa = XCBuildConfiguration;
			buildSettings = {
				ALWAYS_SEARCH_USER_PATHS = NO;
				CLANG_ANALYZER_NONNULL = YES;
				CLANG_ANALYZER_NUMBER_OBJECT_CONVERSION = YES_AGGRESSIVE;
				CLANG_CXX_LANGUAGE_STANDARD = "gnu++20";
				CLANG_ENABLE_MODULES = YES;
				CLANG_ENABLE_OBJC_ARC = YES;
				CLANG_ENABLE_OBJC_WEAK = YES;
				CLANG_WARN_BLOCK_CAPTURE_AUTORELEASING = YES;
				CLANG_WARN_BOOL_CONVERSION = YES;
				CLANG_WARN_COMMA = YES;
				CLANG_WARN_CONSTANT_CONVERSION = YES;
				CLANG_WARN_DEPRECATED_OBJC_IMPLEMENTATIONS = YES;
				CLANG_WARN_DIRECT_OBJC_ISA_USAGE = YES_ERROR;
				CLANG_WARN_DOCUMENTATION_COMMENTS = YES;
				CLANG_WARN_EMPTY_BODY = YES;
				CLANG_WARN_ENUM_CONVERSION = YES;
				CLANG_WARN_INFINITE_RECURSION = YES;
				CLANG_WARN_INT_CONVERSION = YES;
				CLANG_WARN_NON_LITERAL_NULL_CONVERSION = YES;
				CLANG_WARN_OBJC_IMPLICIT_RETAIN_SELF = YES;
				CLANG_WARN_OBJC_LITERAL_CONVERSION = YES;
				CLANG_WARN_OBJC_ROOT_CLASS = YES_ERROR;
				CLANG_WARN_QUOTED_INCLUDE_IN_FRAMEWORK_HEADER = YES;
				CLANG_WARN_RANGE_LOOP_ANALYSIS = YES;
				CLANG_WARN_STRICT_PROTOTYPES = YES;
				CLANG_WARN_SUSPICIOUS_MOVE = YES;
				CLANG_WARN_UNGUARDED_AVAILABILITY = YES_AGGRESSIVE;
				CLANG_WARN_UNREACHABLE_CODE = YES;
				CLANG_WARN__DUPLICATE_METHOD_MATCH = YES;
				COPY_PHASE_STRIP = NO;
				DEBUG_INFORMATION_FORMAT = dwarf;
				ENABLE_STRICT_OBJC_MSGSEND = YES;
				ENABLE_TESTABILITY = YES;
				GCC_C_LANGUAGE_STANDARD = gnu11;
				GCC_DYNAMIC_NO_PIC = NO;
				GCC_NO_COMMON_BLOCKS = YES;
				GCC_OPTIMIZATION_LEVEL = 0;
				GCC_PREPROCESSOR_DEFINITIONS = (
					"DEBUG=1",
					"$(inherited)",
				);
				GCC_WARN_64_TO_32_BIT_CONVERSION = YES;
				GCC_WARN_ABOUT_RETURN_TYPE = YES_ERROR;
				GCC_WARN_UNDECLARED_SELECTOR = YES;
				GCC_WARN_UNINITIALIZED_AUTOS = YES_AGGRESSIVE;
				GCC_WARN_UNUSED_FUNCTION = YES;
				GCC_WARN_UNUSED_VARIABLE = YES;
				IPHONEOS_DEPLOYMENT_TARGET = 16.2;
				MTL_ENABLE_DEBUG_INFO = INCLUDE_SOURCE;
				MTL_FAST_MATH = YES;
				ONLY_ACTIVE_ARCH = YES;
				SDKROOT = iphoneos;
				SWIFT_ACTIVE_COMPILATION_CONDITIONS = DEBUG;
				SWIFT_OPTIMIZATION_LEVEL = "-Onone";
			};
			name = Debug;
		};
		E7108D5F2A17D8A200C713A5 /* Release */ = {
			isa = XCBuildConfiguration;
			buildSettings = {
				ALWAYS_SEARCH_USER_PATHS = NO;
				CLANG_ANALYZER_NONNULL = YES;
				CLANG_ANALYZER_NUMBER_OBJECT_CONVERSION = YES_AGGRESSIVE;
				CLANG_CXX_LANGUAGE_STANDARD = "gnu++20";
				CLANG_ENABLE_MODULES = YES;
				CLANG_ENABLE_OBJC_ARC = YES;
				CLANG_ENABLE_OBJC_WEAK = YES;
				CLANG_WARN_BLOCK_CAPTURE_AUTORELEASING = YES;
				CLANG_WARN_BOOL_CONVERSION = YES;
				CLANG_WARN_COMMA = YES;
				CLANG_WARN_CONSTANT_CONVERSION = YES;
				CLANG_WARN_DEPRECATED_OBJC_IMPLEMENTATIONS = YES;
				CLANG_WARN_DIRECT_OBJC_ISA_USAGE = YES_ERROR;
				CLANG_WARN_DOCUMENTATION_COMMENTS = YES;
				CLANG_WARN_EMPTY_BODY = YES;
				CLANG_WARN_ENUM_CONVERSION = YES;
				CLANG_WARN_INFINITE_RECURSION = YES;
				CLANG_WARN_INT_CONVERSION = YES;
				CLANG_WARN_NON_LITERAL_NULL_CONVERSION = YES;
				CLANG_WARN_OBJC_IMPLICIT_RETAIN_SELF = YES;
				CLANG_WARN_OBJC_LITERAL_CONVERSION = YES;
				CLANG_WARN_OBJC_ROOT_CLASS = YES_ERROR;
				CLANG_WARN_QUOTED_INCLUDE_IN_FRAMEWORK_HEADER = YES;
				CLANG_WARN_RANGE_LOOP_ANALYSIS = YES;
				CLANG_WARN_STRICT_PROTOTYPES = YES;
				CLANG_WARN_SUSPICIOUS_MOVE = YES;
				CLANG_WARN_UNGUARDED_AVAILABILITY = YES_AGGRESSIVE;
				CLANG_WARN_UNREACHABLE_CODE = YES;
				CLANG_WARN__DUPLICATE_METHOD_MATCH = YES;
				COPY_PHASE_STRIP = NO;
				DEBUG_INFORMATION_FORMAT = "dwarf-with-dsym";
				ENABLE_NS_ASSERTIONS = NO;
				ENABLE_STRICT_OBJC_MSGSEND = YES;
				GCC_C_LANGUAGE_STANDARD = gnu11;
				GCC_NO_COMMON_BLOCKS = YES;
				GCC_WARN_64_TO_32_BIT_CONVERSION = YES;
				GCC_WARN_ABOUT_RETURN_TYPE = YES_ERROR;
				GCC_WARN_UNDECLARED_SELECTOR = YES;
				GCC_WARN_UNINITIALIZED_AUTOS = YES_AGGRESSIVE;
				GCC_WARN_UNUSED_FUNCTION = YES;
				GCC_WARN_UNUSED_VARIABLE = YES;
				IPHONEOS_DEPLOYMENT_TARGET = 16.2;
				MTL_ENABLE_DEBUG_INFO = NO;
				MTL_FAST_MATH = YES;
				SDKROOT = iphoneos;
				SWIFT_COMPILATION_MODE = wholemodule;
				SWIFT_OPTIMIZATION_LEVEL = "-O";
				VALIDATE_PRODUCT = YES;
			};
			name = Release;
		};
		E7108D612A17D8A200C713A5 /* Debug */ = {
			isa = XCBuildConfiguration;
			buildSettings = {
				ASSETCATALOG_COMPILER_APPICON_NAME = AppIcon;
				ASSETCATALOG_COMPILER_GLOBAL_ACCENT_COLOR_NAME = AccentColor;
				CODE_SIGN_STYLE = Automatic;
				CURRENT_PROJECT_VERSION = 1;
				DEVELOPMENT_ASSET_PATHS = "\"Shopping list/Preview Content\"";
				DEVELOPMENT_TEAM = Q95K66G5NP;
				ENABLE_PREVIEWS = YES;
				GENERATE_INFOPLIST_FILE = YES;
				INFOPLIST_KEY_UIApplicationSceneManifest_Generation = YES;
				INFOPLIST_KEY_UIApplicationSupportsIndirectInputEvents = YES;
				INFOPLIST_KEY_UILaunchScreen_Generation = YES;
				INFOPLIST_KEY_UISupportedInterfaceOrientations_iPad = "UIInterfaceOrientationPortrait UIInterfaceOrientationPortraitUpsideDown UIInterfaceOrientationLandscapeLeft UIInterfaceOrientationLandscapeRight";
				INFOPLIST_KEY_UISupportedInterfaceOrientations_iPhone = "UIInterfaceOrientationPortrait UIInterfaceOrientationLandscapeLeft UIInterfaceOrientationLandscapeRight";
				LD_RUNPATH_SEARCH_PATHS = (
					"$(inherited)",
					"@executable_path/Frameworks",
				);
				MARKETING_VERSION = 1.0;
				PRODUCT_BUNDLE_IDENTIFIER = "Bengel.Shopping-list";
				PRODUCT_NAME = "$(TARGET_NAME)";
				SWIFT_EMIT_LOC_STRINGS = YES;
				SWIFT_VERSION = 5.0;
				TARGETED_DEVICE_FAMILY = "1,2";
			};
			name = Debug;
		};
		E7108D622A17D8A200C713A5 /* Release */ = {
			isa = XCBuildConfiguration;
			buildSettings = {
				ASSETCATALOG_COMPILER_APPICON_NAME = AppIcon;
				ASSETCATALOG_COMPILER_GLOBAL_ACCENT_COLOR_NAME = AccentColor;
				CODE_SIGN_STYLE = Automatic;
				CURRENT_PROJECT_VERSION = 1;
				DEVELOPMENT_ASSET_PATHS = "\"Shopping list/Preview Content\"";
				DEVELOPMENT_TEAM = Q95K66G5NP;
				ENABLE_PREVIEWS = YES;
				GENERATE_INFOPLIST_FILE = YES;
				INFOPLIST_KEY_UIApplicationSceneManifest_Generation = YES;
				INFOPLIST_KEY_UIApplicationSupportsIndirectInputEvents = YES;
				INFOPLIST_KEY_UILaunchScreen_Generation = YES;
				INFOPLIST_KEY_UISupportedInterfaceOrientations_iPad = "UIInterfaceOrientationPortrait UIInterfaceOrientationPortraitUpsideDown UIInterfaceOrientationLandscapeLeft UIInterfaceOrientationLandscapeRight";
				INFOPLIST_KEY_UISupportedInterfaceOrientations_iPhone = "UIInterfaceOrientationPortrait UIInterfaceOrientationLandscapeLeft UIInterfaceOrientationLandscapeRight";
				LD_RUNPATH_SEARCH_PATHS = (
					"$(inherited)",
					"@executable_path/Frameworks",
				);
				MARKETING_VERSION = 1.0;
				PRODUCT_BUNDLE_IDENTIFIER = "Bengel.Shopping-list";
				PRODUCT_NAME = "$(TARGET_NAME)";
				SWIFT_EMIT_LOC_STRINGS = YES;
				SWIFT_VERSION = 5.0;
				TARGETED_DEVICE_FAMILY = "1,2";
			};
			name = Release;
		};
/* End XCBuildConfiguration section */

/* Begin XCConfigurationList section */
		E7108D4D2A17D8A000C713A5 /* Build configuration list for PBXProject "Shopping list" */ = {
			isa = XCConfigurationList;
			buildConfigurations = (
				E7108D5E2A17D8A200C713A5 /* Debug */,
				E7108D5F2A17D8A200C713A5 /* Release */,
			);
			defaultConfigurationIsVisible = 0;
			defaultConfigurationName = Release;
		};
		E7108D602A17D8A200C713A5 /* Build configuration list for PBXNativeTarget "Shopping list" */ = {
			isa = XCConfigurationList;
			buildConfigurations = (
				E7108D612A17D8A200C713A5 /* Debug */,
				E7108D622A17D8A200C713A5 /* Release */,
			);
			defaultConfigurationIsVisible = 0;
			defaultConfigurationName = Release;
		};
/* End XCConfigurationList section */
	};
	rootObject = E7108D4A2A17D8A000C713A5 /* Project object */;
}
